
Microsoft Visual Studio Solution File, Format Version 12.00
# Visual Studio Version 16
VisualStudioVersion = 16.0.31911.196
MinimumVisualStudioVersion = 10.0.40219.1
Project("{FAE04EC0-301F-11D3-BF4B-00C04F79EFBC}") = "Vanilla3DEngine", "Basic3DEngine\Vanilla3DEngine.csproj", "{0F4D08B1-621B-4278-ABAE-0DCCAB8C39B2}"
EndProject
Global
	GlobalSection(SolutionConfigurationPlatforms) = preSolution
		Debug|Any CPU = Debug|Any CPU
		Release|Any CPU = Release|Any CPU
	EndGlobalSection
	GlobalSection(ProjectConfigurationPlatforms) = postSolution
		{0F4D08B1-621B-4278-ABAE-0DCCAB8C39B2}.Debug|Any CPU.ActiveCfg = Debug|Any CPU
		{0F4D08B1-621B-4278-ABAE-0DCCAB8C39B2}.Debug|Any CPU.Build.0 = Debug|Any CPU
		{0F4D08B1-621B-4278-ABAE-0DCCAB8C39B2}.Release|Any CPU.ActiveCfg = Release|Any CPU
		{0F4D08B1-621B-4278-ABAE-0DCCAB8C39B2}.Release|Any CPU.Build.0 = Release|Any CPU
	EndGlobalSection
	GlobalSection(SolutionProperties) = preSolution
		HideSolutionNode = FALSE
	EndGlobalSection
	GlobalSection(ExtensibilityGlobals) = postSolution
		SolutionGuid = {4F9A5C34-0332-4A7F-8355-4BEF566375E7}
	EndGlobalSection
EndGlobal
